
Microsoft Visual Studio Solution File, Format Version 12.00
# Visual Studio Version 16
VisualStudioVersion = 16.0.31313.79
MinimumVisualStudioVersion = 10.0.40219.1
Project("{FAE04EC0-301F-11D3-BF4B-00C04F79EFBC}") = "Euler's Method", "Euler's Method\Euler's Method.csproj", "{6B1957E8-4108-4163-8253-4E5D93BD7FCB}"
EndProject
Global
	GlobalSection(SolutionConfigurationPlatforms) = preSolution
		Debug|Any CPU = Debug|Any CPU
		Release|Any CPU = Release|Any CPU
	EndGlobalSection
	GlobalSection(ProjectConfigurationPlatforms) = postSolution
		{6B1957E8-4108-4163-8253-4E5D93BD7FCB}.Debug|Any CPU.ActiveCfg = Debug|Any CPU
		{6B1957E8-4108-4163-8253-4E5D93BD7FCB}.Debug|Any CPU.Build.0 = Debug|Any CPU
		{6B1957E8-4108-4163-8253-4E5D93BD7FCB}.Release|Any CPU.ActiveCfg = Release|Any CPU
		{6B1957E8-4108-4163-8253-4E5D93BD7FCB}.Release|Any CPU.Build.0 = Release|Any CPU
	EndGlobalSection
	GlobalSection(SolutionProperties) = preSolution
		HideSolutionNode = FALSE
	EndGlobalSection
	GlobalSection(ExtensibilityGlobals) = postSolution
		SolutionGuid = {C9868FD3-E73B-4750-B919-EB1B5D24C509}
	EndGlobalSection
EndGlobal
